{
  "version": 4,
  "terraform_version": "0.15.3",
  "serial": 81,
  "lineage": "28d446c4-3617-3e7f-e3fd-a01ecf8ab361",
  "outputs": {
    "anonymized-data-project": {
      "value": "prj-a-600001687-data-vpc",
      "type": "string"
    },
    "dev-dataquality-project": {
      "value": "prj-d-600001717-dataquality",
      "type": "string"
    },
    "dev-datawarehouse-project": {
      "value": "prj-d-600001717-bigquery-1",
      "type": "string"
    },
    "dev-iam-project": {
      "value": "prj-d-600001687-iam",
      "type": "string"
    },
    "dev-ingestion-project": {
      "value": "prj-d-600001717-ingestion",
      "type": "string"
    },
    "dev-logging-project": {
      "value": "prj-d-600001687-logging",
      "type": "string"
    },
    "dev-posfrdmdl-project": {
      "value": "prj-d-600001717-posfrdmdl-ard",
      "type": "string"
    },
    "eng-logging-project": {
      "value": "prj-l-600001687-logging",
      "type": "string"
    },
    "eng-poc-project": {
      "value": "prj-l-600001687-poc",
      "type": "string"
    },
    "eng-project-ads": {
      "value": "prj-l-600001687-ads",
      "type": "string"
    },
    "eng-project-excllistvaldn": {
      "value": "prj-l-600001706-excllistvaldn",
      "type": "string"
    },
    "eng-project-iam": {
      "value": "prj-l-600001687-iam",
      "type": "string"
    },
    "eng-project-includlistvaldn": {
      "value": "prj-l-600001706-incllistvaldn",
      "type": "string"
    },
    "eng-project-listorgvaldn": {
      "value": "prj-l-600001706-listorgvaldn",
      "type": "string"
    },
    "eng-project-nativeorgvaldn": {
      "value": "prj-l-600001706-nativeorgvaldn",
      "type": "string"
    },
    "eng-project-neutlistvaldn": {
      "value": "prj-l-600001706-neutlistvaldn",
      "type": "string"
    },
    "eng-project-nw001": {
      "value": "prj-l-600001687-nw001",
      "type": "string"
    },
    "eng-project-nw002": {
      "value": "prj-l-600001687-nw002",
      "type": "string"
    },
    "prod-bq-admin-project": {
      "value": "prj-p-600001717-bq-admin",
      "type": "string"
    },
    "prod-dataquality-project": {
      "value": "prj-p-600001717-dataquality",
      "type": "string"
    },
    "prod-datawarehouse-project": {
      "value": "prj-p-600001717-bigquery-1",
      "type": "string"
    },
    "prod-iam-project": {
      "value": "prj-p-600001687-iam",
      "type": "string"
    },
    "prod-ingestion-project": {
      "value": "prj-p-600001717-ingestion",
      "type": "string"
    },
    "prod-logging-project": {
      "value": "prj-p-600001687-logging",
      "type": "string"
    },
    "prod-posfrdmdl-project": {
      "value": "prj-p-600001717-posfrdmdl-ard",
      "type": "string"
    },
    "prod-shared-vpc-project": {
      "value": "prj-p-600001687-shared-vpc",
      "type": "string"
    },
    "root-rootorgvaldn-project-id": {
      "value": "prj-l-600001706-rootorgvaldn",
      "type": "string"
    },
    "shared-interconnect-project": {
      "value": "prj-ss-600001687-interconnect",
      "type": "string"
    },
    "shared-network-project": {
      "value": "prj-ss-600001687-shared-vpc",
      "type": "string"
    },
    "test-dataquality-project": {
      "value": "prj-t-600001717-dataquality",
      "type": "string"
    },
    "test-datawarehouse-project": {
      "value": "prj-t-600001717-bigquery-1",
      "type": "string"
    },
    "test-ingestion-project": {
      "value": "prj-t-600001717-ingestion",
      "type": "string"
    },
    "test-logging-project": {
      "value": "prj-t-600001687-logging",
      "type": "string"
    },
    "test-posfrdmdl-project": {
      "value": "prj-t-600001717-posfrdmdl-ard",
      "type": "string"
    },
    "test-shared-vpc-project-d": {
      "value": "prj-np-d-600001687-shared-vpc",
      "type": "string"
    },
    "test-shared-vpc-project-l": {
      "value": "prj-np-l-600001687-shared-vpc",
      "type": "string"
    },
    "test-shared-vpc-project-t": {
      "value": "prj-np-t-600001687-shared-vpc",
      "type": "string"
    }
  },
  "resources": [
    {
      "mode": "managed",
      "type": "google_folder_organization_policy",
      "name": "Compute-requireShieldedVm",
      "provider": "provider[\"registry.terraform.io/hashicorp/google\"]",
      "instances": []
    },
    {
      "mode": "managed",
      "type": "google_folder_organization_policy",
      "name": "GCE-Disable-VM-serial-port-access",
      "provider": "provider[\"registry.terraform.io/hashicorp/google\"]",
      "instances": []
    },
    {
      "module": "module.Eng-poc-project-logging.module.project.module.project-factory",
      "mode": "managed",
      "type": "google_compute_shared_vpc_host_project",
      "name": "shared_vpc_host",
      "provider": "provider[\"registry.terraform.io/hashicorp/google-beta\"]",
      "instances": []
    },
    {
      "module": "module.Eng-poc-project-logging.module.project.module.project-factory",
      "mode": "managed",
      "type": "google_compute_shared_vpc_service_project",
      "name": "shared_vpc_attachment",
      "provider": "provider[\"registry.terraform.io/hashicorp/google-beta\"]",
      "instances": []
    },
    {
      "module": "module.Eng-poc-project-logging.module.project.module.project-factory",
      "mode": "managed",
      "type": "google_project",
      "name": "main",
      "provider": "provider[\"registry.terraform.io/hashicorp/google\"]",
      "instances": []
    },
    {
      "module": "module.Eng-poc-project-logging.module.project.module.project-factory",
      "mode": "managed",
      "type": "google_project_default_service_accounts",
      "name": "default_service_accounts",
      "provider": "provider[\"registry.terraform.io/hashicorp/google\"]",
      "instances": []
    },
    {
      "module": "module.Eng-poc-project-logging.module.project.module.project-factory",
      "mode": "managed",
      "type": "random_id",
      "name": "random_project_id_suffix",
      "provider": "provider[\"registry.terraform.io/hashicorp/random\"]",
      "instances": [
        {
          "schema_version": 0,
          "attributes": {
            "b64": "e88",
            "b64_std": "e88=",
            "b64_url": "e88",
            "byte_length": 2,
            "dec": "31695",
            "hex": "7bcf",
            "id": "e88",
            "keepers": null,
            "prefix": null
          },
          "sensitive_attributes": [],
          "private": "bnVsbA=="
        }
      ]
    },
    {
      "module": "module.Eng-poc-project-logging.module.project.module.project-factory.module.project_services",
      "mode": "managed",
      "type": "google_project_service",
      "name": "project_services",
      "provider": "provider[\"registry.terraform.io/hashicorp/google\"]",
      "instances": []
    },
    {
      "module": "module.Eng-poc-project-logging.module.project.module.project-factory.module.project_services",
      "mode": "managed",
      "type": "google_project_service_identity",
      "name": "project_service_identities",
      "provider": "provider[\"registry.terraform.io/hashicorp/google-beta\"]",
      "instances": []
    },
    {
      "module": "module.Eng-poc-project.module.project.module.project-factory",
      "mode": "managed",
      "type": "google_compute_shared_vpc_host_project",
      "name": "shared_vpc_host",
      "provider": "provider[\"registry.terraform.io/hashicorp/google-beta\"]",
      "instances": []
    },
    {
      "module": "module.Eng-poc-project.module.project.module.project-factory",
      "mode": "managed",
      "type": "google_compute_shared_vpc_service_project",
      "name": "shared_vpc_attachment",
      "provider": "provider[\"registry.terraform.io/hashicorp/google-beta\"]",
      "instances": []
    },
    {
      "module": "module.Eng-poc-project.module.project.module.project-factory",
      "mode": "managed",
      "type": "google_project",
      "name": "main",
      "provider": "provider[\"registry.terraform.io/hashicorp/google\"]",
      "instances": []
    },
    {
      "module": "module.Eng-poc-project.module.project.module.project-factory",
      "mode": "managed",
      "type": "google_project_default_service_accounts",
      "name": "default_service_accounts",
      "provider": "provider[\"registry.terraform.io/hashicorp/google\"]",
      "instances": []
    },
    {
      "module": "module.Eng-poc-project.module.project.module.project-factory",
      "mode": "managed",
      "type": "random_id",
      "name": "random_project_id_suffix",
      "provider": "provider[\"registry.terraform.io/hashicorp/random\"]",
      "instances": [
        {
          "schema_version": 0,
          "attributes": {
            "b64": "iLU",
            "b64_std": "iLU=",
            "b64_url": "iLU",
            "byte_length": 2,
            "dec": "34997",
            "hex": "88b5",
            "id": "iLU",
            "keepers": null,
            "prefix": null
          },
          "sensitive_attributes": [],
          "private": "bnVsbA=="
        }
      ]
    },
    {
      "module": "module.Eng-poc-project.module.project.module.project-factory.module.project_services",
      "mode": "managed",
      "type": "google_project_service",
      "name": "project_services",
      "provider": "provider[\"registry.terraform.io/hashicorp/google\"]",
      "instances": []
    },
    {
      "module": "module.Eng-poc-project.module.project.module.project-factory.module.project_services",
      "mode": "managed",
      "type": "google_project_service_identity",
      "name": "project_service_identities",
      "provider": "provider[\"registry.terraform.io/hashicorp/google-beta\"]",
      "instances": []
    },
    {
      "module": "module.Eng-project-ads.module.project.module.project-factory",
      "mode": "managed",
      "type": "google_compute_shared_vpc_host_project",
      "name": "shared_vpc_host",
      "provider": "provider[\"registry.terraform.io/hashicorp/google-beta\"]",
      "instances": []
    },
    {
      "module": "module.Eng-project-ads.module.project.module.project-factory",
      "mode": "managed",
      "type": "google_compute_shared_vpc_service_project",
      "name": "shared_vpc_attachment",
      "provider": "provider[\"registry.terraform.io/hashicorp/google-beta\"]",
      "instances": []
    },
    {
      "module": "module.Eng-project-ads.module.project.module.project-factory",
      "mode": "managed",
      "type": "google_project",
      "name": "main",
      "provider": "provider[\"registry.terraform.io/hashicorp/google\"]",
      "instances": []
    },
    {
      "module": "module.Eng-project-ads.module.project.module.project-factory",
      "mode": "managed",
      "type": "google_project_default_service_accounts",
      "name": "default_service_accounts",
      "provider": "provider[\"registry.terraform.io/hashicorp/google\"]",
      "instances": []
    },
    {
      "module": "module.Eng-project-ads.module.project.module.project-factory",
      "mode": "managed",
      "type": "random_id",
      "name": "random_project_id_suffix",
      "provider": "provider[\"registry.terraform.io/hashicorp/random\"]",
      "instances": [
        {
          "schema_version": 0,
          "attributes": {
            "b64": "3JQ",
            "b64_std": "3JQ=",
            "b64_url": "3JQ",
            "byte_length": 2,
            "dec": "56468",
            "hex": "dc94",
            "id": "3JQ",
            "keepers": null,
            "prefix": null
          },
          "sensitive_attributes": [],
          "private": "bnVsbA=="
        }
      ]
    },
    {
      "module": "module.Eng-project-ads.module.project.module.project-factory.module.project_services",
      "mode": "managed",
      "type": "google_project_service",
      "name": "project_services",
      "provider": "provider[\"registry.terraform.io/hashicorp/google\"]",
      "instances": []
    },
    {
      "module": "module.Eng-project-ads.module.project.module.project-factory.module.project_services",
      "mode": "managed",
      "type": "google_project_service_identity",
      "name": "project_service_identities",
      "provider": "provider[\"registry.terraform.io/hashicorp/google-beta\"]",
      "instances": []
    },
    {
      "module": "module.Eng-project-excllistvaldn.module.project.module.project-factory",
      "mode": "managed",
      "type": "google_compute_shared_vpc_host_project",
      "name": "shared_vpc_host",
      "provider": "provider[\"registry.terraform.io/hashicorp/google-beta\"]",
      "instances": []
    },
    {
      "module": "module.Eng-project-excllistvaldn.module.project.module.project-factory",
      "mode": "managed",
      "type": "google_compute_shared_vpc_service_project",
      "name": "shared_vpc_attachment",
      "provider": "provider[\"registry.terraform.io/hashicorp/google-beta\"]",
      "instances": []
    },
    {
      "module": "module.Eng-project-excllistvaldn.module.project.module.project-factory",
      "mode": "managed",
      "type": "google_project",
      "name": "main",
      "provider": "provider[\"registry.terraform.io/hashicorp/google\"]",
      "instances": []
    },
    {
      "module": "module.Eng-project-excllistvaldn.module.project.module.project-factory",
      "mode": "managed",
      "type": "google_project_default_service_accounts",
      "name": "default_service_accounts",
      "provider": "provider[\"registry.terraform.io/hashicorp/google\"]",
      "instances": []
    },
    {
      "module": "module.Eng-project-excllistvaldn.module.project.module.project-factory",
      "mode": "managed",
      "type": "random_id",
      "name": "random_project_id_suffix",
      "provider": "provider[\"registry.terraform.io/hashicorp/random\"]",
      "instances": [
        {
          "schema_version": 0,
          "attributes": {
            "b64": "8F8",
            "b64_std": "8F8=",
            "b64_url": "8F8",
            "byte_length": 2,
            "dec": "61535",
            "hex": "f05f",
            "id": "8F8",
            "keepers": null,
            "prefix": null
          },
          "sensitive_attributes": [],
          "private": "bnVsbA=="
        }
      ]
    },
    {
      "module": "module.Eng-project-excllistvaldn.module.project.module.project-factory.module.project_services",
      "mode": "managed",
      "type": "google_project_service",
      "name": "project_services",
      "provider": "provider[\"registry.terraform.io/hashicorp/google\"]",
      "instances": []
    },
    {
      "module": "module.Eng-project-excllistvaldn.module.project.module.project-factory.module.project_services",
      "mode": "managed",
      "type": "google_project_service_identity",
      "name": "project_service_identities",
      "provider": "provider[\"registry.terraform.io/hashicorp/google-beta\"]",
      "instances": []
    },
    {
      "module": "module.Eng-project-iam.module.project.module.project-factory",
      "mode": "managed",
      "type": "google_compute_shared_vpc_host_project",
      "name": "shared_vpc_host",
      "provider": "provider[\"registry.terraform.io/hashicorp/google-beta\"]",
      "instances": []
    },
    {
      "module": "module.Eng-project-iam.module.project.module.project-factory",
      "mode": "managed",
      "type": "google_compute_shared_vpc_service_project",
      "name": "shared_vpc_attachment",
      "provider": "provider[\"registry.terraform.io/hashicorp/google-beta\"]",
      "instances": []
    },
    {
      "module": "module.Eng-project-iam.module.project.module.project-factory",
      "mode": "managed",
      "type": "google_project",
      "name": "main",
      "provider": "provider[\"registry.terraform.io/hashicorp/google\"]",
      "instances": []
    },
    {
      "module": "module.Eng-project-iam.module.project.module.project-factory",
      "mode": "managed",
      "type": "google_project_default_service_accounts",
      "name": "default_service_accounts",
      "provider": "provider[\"registry.terraform.io/hashicorp/google\"]",
      "instances": []
    },
    {
      "module": "module.Eng-project-iam.module.project.module.project-factory",
      "mode": "managed",
      "type": "random_id",
      "name": "random_project_id_suffix",
      "provider": "provider[\"registry.terraform.io/hashicorp/random\"]",
      "instances": [
        {
          "schema_version": 0,
          "attributes": {
            "b64": "snA",
            "b64_std": "snA=",
            "b64_url": "snA",
            "byte_length": 2,
            "dec": "45680",
            "hex": "b270",
            "id": "snA",
            "keepers": null,
            "prefix": null
          },
          "sensitive_attributes": [],
          "private": "bnVsbA=="
        }
      ]
    },
    {
      "module": "module.Eng-project-iam.module.project.module.project-factory.module.project_services",
      "mode": "managed",
      "type": "google_project_service",
      "name": "project_services",
      "provider": "provider[\"registry.terraform.io/hashicorp/google\"]",
      "instances": []
    },
    {
      "module": "module.Eng-project-iam.module.project.module.project-factory.module.project_services",
      "mode": "managed",
      "type": "google_project_service_identity",
      "name": "project_service_identities",
      "provider": "provider[\"registry.terraform.io/hashicorp/google-beta\"]",
      "instances": []
    },
    {
      "module": "module.Eng-project-includlistvaldn.module.project.module.project-factory",
      "mode": "managed",
      "type": "google_compute_shared_vpc_host_project",
      "name": "shared_vpc_host",
      "provider": "provider[\"registry.terraform.io/hashicorp/google-beta\"]",
      "instances": []
    },
    {
      "module": "module.Eng-project-includlistvaldn.module.project.module.project-factory",
      "mode": "managed",
      "type": "google_compute_shared_vpc_service_project",
      "name": "shared_vpc_attachment",
      "provider": "provider[\"registry.terraform.io/hashicorp/google-beta\"]",
      "instances": []
    },
    {
      "module": "module.Eng-project-includlistvaldn.module.project.module.project-factory",
      "mode": "managed",
      "type": "google_project",
      "name": "main",
      "provider": "provider[\"registry.terraform.io/hashicorp/google\"]",
      "instances": []
    },
    {
      "module": "module.Eng-project-includlistvaldn.module.project.module.project-factory",
      "mode": "managed",
      "type": "google_project_default_service_accounts",
      "name": "default_service_accounts",
      "provider": "provider[\"registry.terraform.io/hashicorp/google\"]",
      "instances": []
    },
    {
      "module": "module.Eng-project-includlistvaldn.module.project.module.project-factory",
      "mode": "managed",
      "type": "random_id",
      "name": "random_project_id_suffix",
      "provider": "provider[\"registry.terraform.io/hashicorp/random\"]",
      "instances": [
        {
          "schema_version": 0,
          "attributes": {
            "b64": "Qz0",
            "b64_std": "Qz0=",
            "b64_url": "Qz0",
            "byte_length": 2,
            "dec": "17213",
            "hex": "433d",
            "id": "Qz0",
            "keepers": null,
            "prefix": null
          },
          "sensitive_attributes": [],
          "private": "bnVsbA=="
        }
      ]
    },
    {
      "module": "module.Eng-project-includlistvaldn.module.project.module.project-factory.module.project_services",
      "mode": "managed",
      "type": "google_project_service",
      "name": "project_services",
      "provider": "provider[\"registry.terraform.io/hashicorp/google\"]",
      "instances": []
    },
    {
      "module": "module.Eng-project-includlistvaldn.module.project.module.project-factory.module.project_services",
      "mode": "managed",
      "type": "google_project_service_identity",
      "name": "project_service_identities",
      "provider": "provider[\"registry.terraform.io/hashicorp/google-beta\"]",
      "instances": []
    },
    {
      "module": "module.Eng-project-listorgvaldn.module.project.module.project-factory",
      "mode": "managed",
      "type": "google_compute_shared_vpc_host_project",
      "name": "shared_vpc_host",
      "provider": "provider[\"registry.terraform.io/hashicorp/google-beta\"]",
      "instances": []
    },
    {
      "module": "module.Eng-project-listorgvaldn.module.project.module.project-factory",
      "mode": "managed",
      "type": "google_compute_shared_vpc_service_project",
      "name": "shared_vpc_attachment",
      "provider": "provider[\"registry.terraform.io/hashicorp/google-beta\"]",
      "instances": []
    },
    {
      "module": "module.Eng-project-listorgvaldn.module.project.module.project-factory",
      "mode": "managed",
      "type": "google_project",
      "name": "main",
      "provider": "provider[\"registry.terraform.io/hashicorp/google\"]",
      "instances": []
    },
    {
      "module": "module.Eng-project-listorgvaldn.module.project.module.project-factory",
      "mode": "managed",
      "type": "google_project_default_service_accounts",
      "name": "default_service_accounts",
      "provider": "provider[\"registry.terraform.io/hashicorp/google\"]",
      "instances": []
    },
    {
      "module": "module.Eng-project-listorgvaldn.module.project.module.project-factory",
      "mode": "managed",
      "type": "random_id",
      "name": "random_project_id_suffix",
      "provider": "provider[\"registry.terraform.io/hashicorp/random\"]",
      "instances": [
        {
          "schema_version": 0,
          "attributes": {
            "b64": "Hns",
            "b64_std": "Hns=",
            "b64_url": "Hns",
            "byte_length": 2,
            "dec": "7803",
            "hex": "1e7b",
            "id": "Hns",
            "keepers": null,
            "prefix": null
          },
          "sensitive_attributes": [],
          "private": "bnVsbA=="
        }
      ]
    },
    {
      "module": "module.Eng-project-listorgvaldn.module.project.module.project-factory.module.project_services",
      "mode": "managed",
      "type": "google_project_service",
      "name": "project_services",
      "provider": "provider[\"registry.terraform.io/hashicorp/google\"]",
      "instances": []
    },
    {
      "module": "module.Eng-project-listorgvaldn.module.project.module.project-factory.module.project_services",
      "mode": "managed",
      "type": "google_project_service_identity",
      "name": "project_service_identities",
      "provider": "provider[\"registry.terraform.io/hashicorp/google-beta\"]",
      "instances": []
    },
    {
      "module": "module.Eng-project-nativeorgvaldn.module.project.module.project-factory",
      "mode": "managed",
      "type": "google_compute_shared_vpc_host_project",
      "name": "shared_vpc_host",
      "provider": "provider[\"registry.terraform.io/hashicorp/google-beta\"]",
      "instances": []
    },
    {
      "module": "module.Eng-project-nativeorgvaldn.module.project.module.project-factory",
      "mode": "managed",
      "type": "google_compute_shared_vpc_service_project",
      "name": "shared_vpc_attachment",
      "provider": "provider[\"registry.terraform.io/hashicorp/google-beta\"]",
      "instances": []
    },
    {
      "module": "module.Eng-project-nativeorgvaldn.module.project.module.project-factory",
      "mode": "managed",
      "type": "google_project",
      "name": "main",
      "provider": "provider[\"registry.terraform.io/hashicorp/google\"]",
      "instances": []
    },
    {
      "module": "module.Eng-project-nativeorgvaldn.module.project.module.project-factory",
      "mode": "managed",
      "type": "google_project_default_service_accounts",
      "name": "default_service_accounts",
      "provider": "provider[\"registry.terraform.io/hashicorp/google\"]",
      "instances": []
    },
    {
      "module": "module.Eng-project-nativeorgvaldn.module.project.module.project-factory",
      "mode": "managed",
      "type": "random_id",
      "name": "random_project_id_suffix",
      "provider": "provider[\"registry.terraform.io/hashicorp/random\"]",
      "instances": [
        {
          "schema_version": 0,
          "attributes": {
            "b64": "4HA",
            "b64_std": "4HA=",
            "b64_url": "4HA",
            "byte_length": 2,
            "dec": "57456",
            "hex": "e070",
            "id": "4HA",
            "keepers": null,
            "prefix": null
          },
          "sensitive_attributes": [],
          "private": "bnVsbA=="
        }
      ]
    },
    {
      "module": "module.Eng-project-nativeorgvaldn.module.project.module.project-factory.module.project_services",
      "mode": "managed",
      "type": "google_project_service",
      "name": "project_services",
      "provider": "provider[\"registry.terraform.io/hashicorp/google\"]",
      "instances": []
    },
    {
      "module": "module.Eng-project-nativeorgvaldn.module.project.module.project-factory.module.project_services",
      "mode": "managed",
      "type": "google_project_service_identity",
      "name": "project_service_identities",
      "provider": "provider[\"registry.terraform.io/hashicorp/google-beta\"]",
      "instances": []
    },
    {
      "module": "module.Eng-project-neutlistvaldn.module.project.module.project-factory",
      "mode": "managed",
      "type": "google_compute_shared_vpc_host_project",
      "name": "shared_vpc_host",
      "provider": "provider[\"registry.terraform.io/hashicorp/google-beta\"]",
      "instances": []
    },
    {
      "module": "module.Eng-project-neutlistvaldn.module.project.module.project-factory",
      "mode": "managed",
      "type": "google_compute_shared_vpc_service_project",
      "name": "shared_vpc_attachment",
      "provider": "provider[\"registry.terraform.io/hashicorp/google-beta\"]",
      "instances": []
    },
    {
      "module": "module.Eng-project-neutlistvaldn.module.project.module.project-factory",
      "mode": "managed",
      "type": "google_project",
      "name": "main",
      "provider": "provider[\"registry.terraform.io/hashicorp/google\"]",
      "instances": []
    },
    {
      "module": "module.Eng-project-neutlistvaldn.module.project.module.project-factory",
      "mode": "managed",
      "type": "google_project_default_service_accounts",
      "name": "default_service_accounts",
      "provider": "provider[\"registry.terraform.io/hashicorp/google\"]",
      "instances": []
    },
    {
      "module": "module.Eng-project-neutlistvaldn.module.project.module.project-factory",
      "mode": "managed",
      "type": "random_id",
      "name": "random_project_id_suffix",
      "provider": "provider[\"registry.terraform.io/hashicorp/random\"]",
      "instances": [
        {
          "schema_version": 0,
          "attributes": {
            "b64": "Eko",
            "b64_std": "Eko=",
            "b64_url": "Eko",
            "byte_length": 2,
            "dec": "4682",
            "hex": "124a",
            "id": "Eko",
            "keepers": null,
            "prefix": null
          },
          "sensitive_attributes": [],
          "private": "bnVsbA=="
        }
      ]
    },
    {
      "module": "module.Eng-project-neutlistvaldn.module.project.module.project-factory.module.project_services",
      "mode": "managed",
      "type": "google_project_service",
      "name": "project_services",
      "provider": "provider[\"registry.terraform.io/hashicorp/google\"]",
      "instances": []
    },
    {
      "module": "module.Eng-project-neutlistvaldn.module.project.module.project-factory.module.project_services",
      "mode": "managed",
      "type": "google_project_service_identity",
      "name": "project_service_identities",
      "provider": "provider[\"registry.terraform.io/hashicorp/google-beta\"]",
      "instances": []
    },
    {
      "module": "module.Eng-project-nw001.module.project.module.project-factory",
      "mode": "managed",
      "type": "google_compute_shared_vpc_host_project",
      "name": "shared_vpc_host",
      "provider": "provider[\"registry.terraform.io/hashicorp/google-beta\"]",
      "instances": []
    },
    {
      "module": "module.Eng-project-nw001.module.project.module.project-factory",
      "mode": "managed",
      "type": "google_compute_shared_vpc_service_project",
      "name": "shared_vpc_attachment",
      "provider": "provider[\"registry.terraform.io/hashicorp/google-beta\"]",
      "instances": []
    },
    {
      "module": "module.Eng-project-nw001.module.project.module.project-factory",
      "mode": "managed",
      "type": "google_project",
      "name": "main",
      "provider": "provider[\"registry.terraform.io/hashicorp/google\"]",
      "instances": []
    },
    {
      "module": "module.Eng-project-nw001.module.project.module.project-factory",
      "mode": "managed",
      "type": "google_project_default_service_accounts",
      "name": "default_service_accounts",
      "provider": "provider[\"registry.terraform.io/hashicorp/google\"]",
      "instances": []
    },
    {
      "module": "module.Eng-project-nw001.module.project.module.project-factory",
      "mode": "managed",
      "type": "random_id",
      "name": "random_project_id_suffix",
      "provider": "provider[\"registry.terraform.io/hashicorp/random\"]",
      "instances": [
        {
          "schema_version": 0,
          "attributes": {
            "b64": "hWY",
            "b64_std": "hWY=",
            "b64_url": "hWY",
            "byte_length": 2,
            "dec": "34150",
            "hex": "8566",
            "id": "hWY",
            "keepers": null,
            "prefix": null
          },
          "sensitive_attributes": [],
          "private": "bnVsbA=="
        }
      ]
    },
    {
      "module": "module.Eng-project-nw001.module.project.module.project-factory.module.project_services",
      "mode": "managed",
      "type": "google_project_service",
      "name": "project_services",
      "provider": "provider[\"registry.terraform.io/hashicorp/google\"]",
      "instances": []
    },
    {
      "module": "module.Eng-project-nw001.module.project.module.project-factory.module.project_services",
      "mode": "managed",
      "type": "google_project_service_identity",
      "name": "project_service_identities",
      "provider": "provider[\"registry.terraform.io/hashicorp/google-beta\"]",
      "instances": []
    },
    {
      "module": "module.Eng-project-nw002.module.project.module.project-factory",
      "mode": "managed",
      "type": "google_compute_shared_vpc_host_project",
      "name": "shared_vpc_host",
      "provider": "provider[\"registry.terraform.io/hashicorp/google-beta\"]",
      "instances": []
    },
    {
      "module": "module.Eng-project-nw002.module.project.module.project-factory",
      "mode": "managed",
      "type": "google_compute_shared_vpc_service_project",
      "name": "shared_vpc_attachment",
      "provider": "provider[\"registry.terraform.io/hashicorp/google-beta\"]",
      "instances": []
    },
    {
      "module": "module.Eng-project-nw002.module.project.module.project-factory",
      "mode": "managed",
      "type": "google_project",
      "name": "main",
      "provider": "provider[\"registry.terraform.io/hashicorp/google\"]",
      "instances": []
    },
    {
      "module": "module.Eng-project-nw002.module.project.module.project-factory",
      "mode": "managed",
      "type": "google_project_default_service_accounts",
      "name": "default_service_accounts",
      "provider": "provider[\"registry.terraform.io/hashicorp/google\"]",
      "instances": []
    },
    {
      "module": "module.Eng-project-nw002.module.project.module.project-factory",
      "mode": "managed",
      "type": "random_id",
      "name": "random_project_id_suffix",
      "provider": "provider[\"registry.terraform.io/hashicorp/random\"]",
      "instances": [
        {
          "schema_version": 0,
          "attributes": {
            "b64": "6ko",
            "b64_std": "6ko=",
            "b64_url": "6ko",
            "byte_length": 2,
            "dec": "59978",
            "hex": "ea4a",
            "id": "6ko",
            "keepers": null,
            "prefix": null
          },
          "sensitive_attributes": [],
          "private": "bnVsbA=="
        }
      ]
    },
    {
      "module": "module.Eng-project-nw002.module.project.module.project-factory.module.project_services",
      "mode": "managed",
      "type": "google_project_service",
      "name": "project_services",
      "provider": "provider[\"registry.terraform.io/hashicorp/google\"]",
      "instances": []
    },
    {
      "module": "module.Eng-project-nw002.module.project.module.project-factory.module.project_services",
      "mode": "managed",
      "type": "google_project_service_identity",
      "name": "project_service_identities",
      "provider": "provider[\"registry.terraform.io/hashicorp/google-beta\"]",
      "instances": []
    },
    {
      "module": "module.anonymized-data-project.module.project.module.project-factory",
      "mode": "managed",
      "type": "google_compute_shared_vpc_host_project",
      "name": "shared_vpc_host",
      "provider": "provider[\"registry.terraform.io/hashicorp/google-beta\"]",
      "instances": []
    },
    {
      "module": "module.anonymized-data-project.module.project.module.project-factory",
      "mode": "managed",
      "type": "google_compute_shared_vpc_service_project",
      "name": "shared_vpc_attachment",
      "provider": "provider[\"registry.terraform.io/hashicorp/google-beta\"]",
      "instances": []
    },
    {
      "module": "module.anonymized-data-project.module.project.module.project-factory",
      "mode": "managed",
      "type": "google_project",
      "name": "main",
      "provider": "provider[\"registry.terraform.io/hashicorp/google\"]",
      "instances": []
    },
    {
      "module": "module.anonymized-data-project.module.project.module.project-factory",
      "mode": "managed",
      "type": "google_project_default_service_accounts",
      "name": "default_service_accounts",
      "provider": "provider[\"registry.terraform.io/hashicorp/google\"]",
      "instances": []
    },
    {
      "module": "module.anonymized-data-project.module.project.module.project-factory",
      "mode": "managed",
      "type": "random_id",
      "name": "random_project_id_suffix",
      "provider": "provider[\"registry.terraform.io/hashicorp/random\"]",
      "instances": [
        {
          "schema_version": 0,
          "attributes": {
            "b64": "kn0",
            "b64_std": "kn0=",
            "b64_url": "kn0",
            "byte_length": 2,
            "dec": "37501",
            "hex": "927d",
            "id": "kn0",
            "keepers": null,
            "prefix": null
          },
          "sensitive_attributes": [],
          "private": "bnVsbA=="
        }
      ]
    },
    {
      "module": "module.anonymized-data-project.module.project.module.project-factory.module.project_services",
      "mode": "managed",
      "type": "google_project_service",
      "name": "project_services",
      "provider": "provider[\"registry.terraform.io/hashicorp/google\"]",
      "instances": []
    },
    {
      "module": "module.anonymized-data-project.module.project.module.project-factory.module.project_services",
      "mode": "managed",
      "type": "google_project_service_identity",
      "name": "project_service_identities",
      "provider": "provider[\"registry.terraform.io/hashicorp/google-beta\"]",
      "instances": []
    },
    {
      "module": "module.dev-dataquality-project.module.project.module.project-factory",
      "mode": "managed",
      "type": "google_compute_shared_vpc_host_project",
      "name": "shared_vpc_host",
      "provider": "provider[\"registry.terraform.io/hashicorp/google-beta\"]",
      "instances": []
    },
    {
      "module": "module.dev-dataquality-project.module.project.module.project-factory",
      "mode": "managed",
      "type": "google_compute_shared_vpc_service_project",
      "name": "shared_vpc_attachment",
      "provider": "provider[\"registry.terraform.io/hashicorp/google-beta\"]",
      "instances": []
    },
    {
      "module": "module.dev-dataquality-project.module.project.module.project-factory",
      "mode": "managed",
      "type": "google_project",
      "name": "main",
      "provider": "provider[\"registry.terraform.io/hashicorp/google\"]",
      "instances": []
    },
    {
      "module": "module.dev-dataquality-project.module.project.module.project-factory",
      "mode": "managed",
      "type": "google_project_default_service_accounts",
      "name": "default_service_accounts",
      "provider": "provider[\"registry.terraform.io/hashicorp/google\"]",
      "instances": []
    },
    {
      "module": "module.dev-dataquality-project.module.project.module.project-factory",
      "mode": "managed",
      "type": "random_id",
      "name": "random_project_id_suffix",
      "provider": "provider[\"registry.terraform.io/hashicorp/random\"]",
      "instances": [
        {
          "schema_version": 0,
          "attributes": {
            "b64": "T4U",
            "b64_std": "T4U=",
            "b64_url": "T4U",
            "byte_length": 2,
            "dec": "20357",
            "hex": "4f85",
            "id": "T4U",
            "keepers": null,
            "prefix": null
          },
          "sensitive_attributes": [],
          "private": "bnVsbA=="
        }
      ]
    },
    {
      "module": "module.dev-dataquality-project.module.project.module.project-factory.module.project_services",
      "mode": "managed",
      "type": "google_project_service",
      "name": "project_services",
      "provider": "provider[\"registry.terraform.io/hashicorp/google\"]",
      "instances": []
    },
    {
      "module": "module.dev-dataquality-project.module.project.module.project-factory.module.project_services",
      "mode": "managed",
      "type": "google_project_service_identity",
      "name": "project_service_identities",
      "provider": "provider[\"registry.terraform.io/hashicorp/google-beta\"]",
      "instances": []
    },
    {
      "module": "module.dev-datawarehouse-project.module.project.module.project-factory",
      "mode": "managed",
      "type": "google_compute_shared_vpc_host_project",
      "name": "shared_vpc_host",
      "provider": "provider[\"registry.terraform.io/hashicorp/google-beta\"]",
      "instances": []
    },
    {
      "module": "module.dev-datawarehouse-project.module.project.module.project-factory",
      "mode": "managed",
      "type": "google_compute_shared_vpc_service_project",
      "name": "shared_vpc_attachment",
      "provider": "provider[\"registry.terraform.io/hashicorp/google-beta\"]",
      "instances": []
    },
    {
      "module": "module.dev-datawarehouse-project.module.project.module.project-factory",
      "mode": "managed",
      "type": "google_project",
      "name": "main",
      "provider": "provider[\"registry.terraform.io/hashicorp/google\"]",
      "instances": []
    },
    {
      "module": "module.dev-datawarehouse-project.module.project.module.project-factory",
      "mode": "managed",
      "type": "google_project_default_service_accounts",
      "name": "default_service_accounts",
      "provider": "provider[\"registry.terraform.io/hashicorp/google\"]",
      "instances": []
    },
    {
      "module": "module.dev-datawarehouse-project.module.project.module.project-factory",
      "mode": "managed",
      "type": "random_id",
      "name": "random_project_id_suffix",
      "provider": "provider[\"registry.terraform.io/hashicorp/random\"]",
      "instances": [
        {
          "schema_version": 0,
          "attributes": {
            "b64": "l-w",
            "b64_std": "l+w=",
            "b64_url": "l-w",
            "byte_length": 2,
            "dec": "38892",
            "hex": "97ec",
            "id": "l-w",
            "keepers": null,
            "prefix": null
          },
          "sensitive_attributes": [],
          "private": "bnVsbA=="
        }
      ]
    },
    {
      "module": "module.dev-datawarehouse-project.module.project.module.project-factory.module.project_services",
      "mode": "managed",
      "type": "google_project_service",
      "name": "project_services",
      "provider": "provider[\"registry.terraform.io/hashicorp/google\"]",
      "instances": []
    },
    {
      "module": "module.dev-datawarehouse-project.module.project.module.project-factory.module.project_services",
      "mode": "managed",
      "type": "google_project_service_identity",
      "name": "project_service_identities",
      "provider": "provider[\"registry.terraform.io/hashicorp/google-beta\"]",
      "instances": []
    },
    {
      "module": "module.dev-iam-project.module.project.module.project-factory",
      "mode": "managed",
      "type": "google_compute_shared_vpc_host_project",
      "name": "shared_vpc_host",
      "provider": "provider[\"registry.terraform.io/hashicorp/google-beta\"]",
      "instances": []
    },
    {
      "module": "module.dev-iam-project.module.project.module.project-factory",
      "mode": "managed",
      "type": "google_compute_shared_vpc_service_project",
      "name": "shared_vpc_attachment",
      "provider": "provider[\"registry.terraform.io/hashicorp/google-beta\"]",
      "instances": []
    },
    {
      "module": "module.dev-iam-project.module.project.module.project-factory",
      "mode": "managed",
      "type": "google_project",
      "name": "main",
      "provider": "provider[\"registry.terraform.io/hashicorp/google\"]",
      "instances": []
    },
    {
      "module": "module.dev-iam-project.module.project.module.project-factory",
      "mode": "managed",
      "type": "google_project_default_service_accounts",
      "name": "default_service_accounts",
      "provider": "provider[\"registry.terraform.io/hashicorp/google\"]",
      "instances": []
    },
    {
      "module": "module.dev-iam-project.module.project.module.project-factory",
      "mode": "managed",
      "type": "random_id",
      "name": "random_project_id_suffix",
      "provider": "provider[\"registry.terraform.io/hashicorp/random\"]",
      "instances": [
        {
          "schema_version": 0,
          "attributes": {
            "b64": "lSc",
            "b64_std": "lSc=",
            "b64_url": "lSc",
            "byte_length": 2,
            "dec": "38183",
            "hex": "9527",
            "id": "lSc",
            "keepers": null,
            "prefix": null
          },
          "sensitive_attributes": [],
          "private": "bnVsbA=="
        }
      ]
    },
    {
      "module": "module.dev-iam-project.module.project.module.project-factory.module.project_services",
      "mode": "managed",
      "type": "google_project_service",
      "name": "project_services",
      "provider": "provider[\"registry.terraform.io/hashicorp/google\"]",
      "instances": []
    },
    {
      "module": "module.dev-iam-project.module.project.module.project-factory.module.project_services",
      "mode": "managed",
      "type": "google_project_service_identity",
      "name": "project_service_identities",
      "provider": "provider[\"registry.terraform.io/hashicorp/google-beta\"]",
      "instances": []
    },
    {
      "module": "module.dev-ingestion-project.module.project.module.project-factory",
      "mode": "managed",
      "type": "google_compute_shared_vpc_host_project",
      "name": "shared_vpc_host",
      "provider": "provider[\"registry.terraform.io/hashicorp/google-beta\"]",
      "instances": []
    },
    {
      "module": "module.dev-ingestion-project.module.project.module.project-factory",
      "mode": "managed",
      "type": "google_compute_shared_vpc_service_project",
      "name": "shared_vpc_attachment",
      "provider": "provider[\"registry.terraform.io/hashicorp/google-beta\"]",
      "instances": []
    },
    {
      "module": "module.dev-ingestion-project.module.project.module.project-factory",
      "mode": "managed",
      "type": "google_project",
      "name": "main",
      "provider": "provider[\"registry.terraform.io/hashicorp/google\"]",
      "instances": []
    },
    {
      "module": "module.dev-ingestion-project.module.project.module.project-factory",
      "mode": "managed",
      "type": "google_project_default_service_accounts",
      "name": "default_service_accounts",
      "provider": "provider[\"registry.terraform.io/hashicorp/google\"]",
      "instances": []
    },
    {
      "module": "module.dev-ingestion-project.module.project.module.project-factory",
      "mode": "managed",
      "type": "random_id",
      "name": "random_project_id_suffix",
      "provider": "provider[\"registry.terraform.io/hashicorp/random\"]",
      "instances": [
        {
          "schema_version": 0,
          "attributes": {
            "b64": "BZ4",
            "b64_std": "BZ4=",
            "b64_url": "BZ4",
            "byte_length": 2,
            "dec": "1438",
            "hex": "059e",
            "id": "BZ4",
            "keepers": null,
            "prefix": null
          },
          "sensitive_attributes": [],
          "private": "bnVsbA=="
        }
      ]
    },
    {
      "module": "module.dev-ingestion-project.module.project.module.project-factory.module.project_services",
      "mode": "managed",
      "type": "google_project_service",
      "name": "project_services",
      "provider": "provider[\"registry.terraform.io/hashicorp/google\"]",
      "instances": []
    },
    {
      "module": "module.dev-ingestion-project.module.project.module.project-factory.module.project_services",
      "mode": "managed",
      "type": "google_project_service_identity",
      "name": "project_service_identities",
      "provider": "provider[\"registry.terraform.io/hashicorp/google-beta\"]",
      "instances": []
    },
    {
      "module": "module.dev-logging-project.module.project.module.project-factory",
      "mode": "managed",
      "type": "google_compute_shared_vpc_host_project",
      "name": "shared_vpc_host",
      "provider": "provider[\"registry.terraform.io/hashicorp/google-beta\"]",
      "instances": []
    },
    {
      "module": "module.dev-logging-project.module.project.module.project-factory",
      "mode": "managed",
      "type": "google_compute_shared_vpc_service_project",
      "name": "shared_vpc_attachment",
      "provider": "provider[\"registry.terraform.io/hashicorp/google-beta\"]",
      "instances": []
    },
    {
      "module": "module.dev-logging-project.module.project.module.project-factory",
      "mode": "managed",
      "type": "google_project",
      "name": "main",
      "provider": "provider[\"registry.terraform.io/hashicorp/google\"]",
      "instances": []
    },
    {
      "module": "module.dev-logging-project.module.project.module.project-factory",
      "mode": "managed",
      "type": "google_project_default_service_accounts",
      "name": "default_service_accounts",
      "provider": "provider[\"registry.terraform.io/hashicorp/google\"]",
      "instances": []
    },
    {
      "module": "module.dev-logging-project.module.project.module.project-factory",
      "mode": "managed",
      "type": "random_id",
      "name": "random_project_id_suffix",
      "provider": "provider[\"registry.terraform.io/hashicorp/random\"]",
      "instances": [
        {
          "schema_version": 0,
          "attributes": {
            "b64": "Juk",
            "b64_std": "Juk=",
            "b64_url": "Juk",
            "byte_length": 2,
            "dec": "9961",
            "hex": "26e9",
            "id": "Juk",
            "keepers": null,
            "prefix": null
          },
          "sensitive_attributes": [],
          "private": "bnVsbA=="
        }
      ]
    },
    {
      "module": "module.dev-logging-project.module.project.module.project-factory.module.project_services",
      "mode": "managed",
      "type": "google_project_service",
      "name": "project_services",
      "provider": "provider[\"registry.terraform.io/hashicorp/google\"]",
      "instances": []
    },
    {
      "module": "module.dev-logging-project.module.project.module.project-factory.module.project_services",
      "mode": "managed",
      "type": "google_project_service_identity",
      "name": "project_service_identities",
      "provider": "provider[\"registry.terraform.io/hashicorp/google-beta\"]",
      "instances": []
    },
    {
      "module": "module.dev-posfrdmdl-project.module.project.module.project-factory",
      "mode": "managed",
      "type": "google_compute_shared_vpc_host_project",
      "name": "shared_vpc_host",
      "provider": "provider[\"registry.terraform.io/hashicorp/google-beta\"]",
      "instances": []
    },
    {
      "module": "module.dev-posfrdmdl-project.module.project.module.project-factory",
      "mode": "managed",
      "type": "google_compute_shared_vpc_service_project",
      "name": "shared_vpc_attachment",
      "provider": "provider[\"registry.terraform.io/hashicorp/google-beta\"]",
      "instances": []
    },
    {
      "module": "module.dev-posfrdmdl-project.module.project.module.project-factory",
      "mode": "managed",
      "type": "google_project",
      "name": "main",
      "provider": "provider[\"registry.terraform.io/hashicorp/google\"]",
      "instances": []
    },
    {
      "module": "module.dev-posfrdmdl-project.module.project.module.project-factory",
      "mode": "managed",
      "type": "google_project_default_service_accounts",
      "name": "default_service_accounts",
      "provider": "provider[\"registry.terraform.io/hashicorp/google\"]",
      "instances": []
    },
    {
      "module": "module.dev-posfrdmdl-project.module.project.module.project-factory",
      "mode": "managed",
      "type": "random_id",
      "name": "random_project_id_suffix",
      "provider": "provider[\"registry.terraform.io/hashicorp/random\"]",
      "instances": [
        {
          "schema_version": 0,
          "attributes": {
            "b64": "b-Y",
            "b64_std": "b+Y=",
            "b64_url": "b-Y",
            "byte_length": 2,
            "dec": "28646",
            "hex": "6fe6",
            "id": "b-Y",
            "keepers": null,
            "prefix": null
          },
          "sensitive_attributes": [],
          "private": "bnVsbA=="
        }
      ]
    },
    {
      "module": "module.dev-posfrdmdl-project.module.project.module.project-factory.module.project_services",
      "mode": "managed",
      "type": "google_project_service",
      "name": "project_services",
      "provider": "provider[\"registry.terraform.io/hashicorp/google\"]",
      "instances": []
    },
    {
      "module": "module.dev-posfrdmdl-project.module.project.module.project-factory.module.project_services",
      "mode": "managed",
      "type": "google_project_service_identity",
      "name": "project_service_identities",
      "provider": "provider[\"registry.terraform.io/hashicorp/google-beta\"]",
      "instances": []
    },
    {
      "module": "module.first_level_folder.module.folder",
      "mode": "managed",
      "type": "google_folder",
      "name": "folders",
      "provider": "provider[\"registry.terraform.io/hashicorp/google\"]",
      "instances": []
    },
    {
      "module": "module.fourth_level_folder_dev_a.module.folder",
      "mode": "managed",
      "type": "google_folder",
      "name": "folders",
      "provider": "provider[\"registry.terraform.io/hashicorp/google\"]",
      "instances": []
    },
    {
      "module": "module.fourth_level_folder_prod_a.module.folder",
      "mode": "managed",
      "type": "google_folder",
      "name": "folders",
      "provider": "provider[\"registry.terraform.io/hashicorp/google\"]",
      "instances": []
    },
    {
      "module": "module.fourth_level_folder_test_a.module.folder",
      "mode": "managed",
      "type": "google_folder",
      "name": "folders",
      "provider": "provider[\"registry.terraform.io/hashicorp/google\"]",
      "instances": []
    },
    {
      "module": "module.prod-bq-admin-project.module.project.module.project-factory",
      "mode": "managed",
      "type": "google_compute_shared_vpc_host_project",
      "name": "shared_vpc_host",
      "provider": "provider[\"registry.terraform.io/hashicorp/google-beta\"]",
      "instances": []
    },
    {
      "module": "module.prod-bq-admin-project.module.project.module.project-factory",
      "mode": "managed",
      "type": "google_compute_shared_vpc_service_project",
      "name": "shared_vpc_attachment",
      "provider": "provider[\"registry.terraform.io/hashicorp/google-beta\"]",
      "instances": []
    },
    {
      "module": "module.prod-bq-admin-project.module.project.module.project-factory",
      "mode": "managed",
      "type": "google_project",
      "name": "main",
      "provider": "provider[\"registry.terraform.io/hashicorp/google\"]",
      "instances": []
    },
    {
      "module": "module.prod-bq-admin-project.module.project.module.project-factory",
      "mode": "managed",
      "type": "google_project_default_service_accounts",
      "name": "default_service_accounts",
      "provider": "provider[\"registry.terraform.io/hashicorp/google\"]",
      "instances": []
    },
    {
      "module": "module.prod-bq-admin-project.module.project.module.project-factory",
      "mode": "managed",
      "type": "random_id",
      "name": "random_project_id_suffix",
      "provider": "provider[\"registry.terraform.io/hashicorp/random\"]",
      "instances": [
        {
          "schema_version": 0,
          "attributes": {
            "b64": "c_c",
            "b64_std": "c/c=",
            "b64_url": "c_c",
            "byte_length": 2,
            "dec": "29687",
            "hex": "73f7",
            "id": "c_c",
            "keepers": null,
            "prefix": null
          },
          "sensitive_attributes": [],
          "private": "bnVsbA=="
        }
      ]
    },
    {
      "module": "module.prod-bq-admin-project.module.project.module.project-factory.module.project_services",
      "mode": "managed",
      "type": "google_project_service",
      "name": "project_services",
      "provider": "provider[\"registry.terraform.io/hashicorp/google\"]",
      "instances": []
    },
    {
      "module": "module.prod-bq-admin-project.module.project.module.project-factory.module.project_services",
      "mode": "managed",
      "type": "google_project_service_identity",
      "name": "project_service_identities",
      "provider": "provider[\"registry.terraform.io/hashicorp/google-beta\"]",
      "instances": []
    },
    {
      "module": "module.prod-dataquality-project.module.project.module.project-factory",
      "mode": "managed",
      "type": "google_compute_shared_vpc_host_project",
      "name": "shared_vpc_host",
      "provider": "provider[\"registry.terraform.io/hashicorp/google-beta\"]",
      "instances": []
    },
    {
      "module": "module.prod-dataquality-project.module.project.module.project-factory",
      "mode": "managed",
      "type": "google_compute_shared_vpc_service_project",
      "name": "shared_vpc_attachment",
      "provider": "provider[\"registry.terraform.io/hashicorp/google-beta\"]",
      "instances": []
    },
    {
      "module": "module.prod-dataquality-project.module.project.module.project-factory",
      "mode": "managed",
      "type": "google_project",
      "name": "main",
      "provider": "provider[\"registry.terraform.io/hashicorp/google\"]",
      "instances": []
    },
    {
      "module": "module.prod-dataquality-project.module.project.module.project-factory",
      "mode": "managed",
      "type": "google_project_default_service_accounts",
      "name": "default_service_accounts",
      "provider": "provider[\"registry.terraform.io/hashicorp/google\"]",
      "instances": []
    },
    {
      "module": "module.prod-dataquality-project.module.project.module.project-factory",
      "mode": "managed",
      "type": "random_id",
      "name": "random_project_id_suffix",
      "provider": "provider[\"registry.terraform.io/hashicorp/random\"]",
      "instances": [
        {
          "schema_version": 0,
          "attributes": {
            "b64": "GkI",
            "b64_std": "GkI=",
            "b64_url": "GkI",
            "byte_length": 2,
            "dec": "6722",
            "hex": "1a42",
            "id": "GkI",
            "keepers": null,
            "prefix": null
          },
          "sensitive_attributes": [],
          "private": "bnVsbA=="
        }
      ]
    },
    {
      "module": "module.prod-dataquality-project.module.project.module.project-factory.module.project_services",
      "mode": "managed",
      "type": "google_project_service",
      "name": "project_services",
      "provider": "provider[\"registry.terraform.io/hashicorp/google\"]",
      "instances": []
    },
    {
      "module": "module.prod-dataquality-project.module.project.module.project-factory.module.project_services",
      "mode": "managed",
      "type": "google_project_service_identity",
      "name": "project_service_identities",
      "provider": "provider[\"registry.terraform.io/hashicorp/google-beta\"]",
      "instances": []
    },
    {
      "module": "module.prod-datawarehouse-project.module.project.module.project-factory",
      "mode": "managed",
      "type": "google_compute_shared_vpc_host_project",
      "name": "shared_vpc_host",
      "provider": "provider[\"registry.terraform.io/hashicorp/google-beta\"]",
      "instances": []
    },
    {
      "module": "module.prod-datawarehouse-project.module.project.module.project-factory",
      "mode": "managed",
      "type": "google_compute_shared_vpc_service_project",
      "name": "shared_vpc_attachment",
      "provider": "provider[\"registry.terraform.io/hashicorp/google-beta\"]",
      "instances": []
    },
    {
      "module": "module.prod-datawarehouse-project.module.project.module.project-factory",
      "mode": "managed",
      "type": "google_project",
      "name": "main",
      "provider": "provider[\"registry.terraform.io/hashicorp/google\"]",
      "instances": []
    },
    {
      "module": "module.prod-datawarehouse-project.module.project.module.project-factory",
      "mode": "managed",
      "type": "google_project_default_service_accounts",
      "name": "default_service_accounts",
      "provider": "provider[\"registry.terraform.io/hashicorp/google\"]",
      "instances": []
    },
    {
      "module": "module.prod-datawarehouse-project.module.project.module.project-factory",
      "mode": "managed",
      "type": "random_id",
      "name": "random_project_id_suffix",
      "provider": "provider[\"registry.terraform.io/hashicorp/random\"]",
      "instances": [
        {
          "schema_version": 0,
          "attributes": {
            "b64": "cNc",
            "b64_std": "cNc=",
            "b64_url": "cNc",
            "byte_length": 2,
            "dec": "28887",
            "hex": "70d7",
            "id": "cNc",
            "keepers": null,
            "prefix": null
          },
          "sensitive_attributes": [],
          "private": "bnVsbA=="
        }
      ]
    },
    {
      "module": "module.prod-datawarehouse-project.module.project.module.project-factory.module.project_services",
      "mode": "managed",
      "type": "google_project_service",
      "name": "project_services",
      "provider": "provider[\"registry.terraform.io/hashicorp/google\"]",
      "instances": []
    },
    {
      "module": "module.prod-datawarehouse-project.module.project.module.project-factory.module.project_services",
      "mode": "managed",
      "type": "google_project_service_identity",
      "name": "project_service_identities",
      "provider": "provider[\"registry.terraform.io/hashicorp/google-beta\"]",
      "instances": []
    },
    {
      "module": "module.prod-iam-project.module.project.module.project-factory",
      "mode": "managed",
      "type": "google_compute_shared_vpc_host_project",
      "name": "shared_vpc_host",
      "provider": "provider[\"registry.terraform.io/hashicorp/google-beta\"]",
      "instances": []
    },
    {
      "module": "module.prod-iam-project.module.project.module.project-factory",
      "mode": "managed",
      "type": "google_compute_shared_vpc_service_project",
      "name": "shared_vpc_attachment",
      "provider": "provider[\"registry.terraform.io/hashicorp/google-beta\"]",
      "instances": []
    },
    {
      "module": "module.prod-iam-project.module.project.module.project-factory",
      "mode": "managed",
      "type": "google_project",
      "name": "main",
      "provider": "provider[\"registry.terraform.io/hashicorp/google\"]",
      "instances": []
    },
    {
      "module": "module.prod-iam-project.module.project.module.project-factory",
      "mode": "managed",
      "type": "google_project_default_service_accounts",
      "name": "default_service_accounts",
      "provider": "provider[\"registry.terraform.io/hashicorp/google\"]",
      "instances": []
    },
    {
      "module": "module.prod-iam-project.module.project.module.project-factory",
      "mode": "managed",
      "type": "random_id",
      "name": "random_project_id_suffix",
      "provider": "provider[\"registry.terraform.io/hashicorp/random\"]",
      "instances": [
        {
          "schema_version": 0,
          "attributes": {
            "b64": "Qtw",
            "b64_std": "Qtw=",
            "b64_url": "Qtw",
            "byte_length": 2,
            "dec": "17116",
            "hex": "42dc",
            "id": "Qtw",
            "keepers": null,
            "prefix": null
          },
          "sensitive_attributes": [],
          "private": "bnVsbA=="
        }
      ]
    },
    {
      "module": "module.prod-iam-project.module.project.module.project-factory.module.project_services",
      "mode": "managed",
      "type": "google_project_service",
      "name": "project_services",
      "provider": "provider[\"registry.terraform.io/hashicorp/google\"]",
      "instances": []
    },
    {
      "module": "module.prod-iam-project.module.project.module.project-factory.module.project_services",
      "mode": "managed",
      "type": "google_project_service_identity",
      "name": "project_service_identities",
      "provider": "provider[\"registry.terraform.io/hashicorp/google-beta\"]",
      "instances": []
    },
    {
      "module": "module.prod-ingestion-project.module.project.module.project-factory",
      "mode": "managed",
      "type": "google_compute_shared_vpc_host_project",
      "name": "shared_vpc_host",
      "provider": "provider[\"registry.terraform.io/hashicorp/google-beta\"]",
      "instances": []
    },
    {
      "module": "module.prod-ingestion-project.module.project.module.project-factory",
      "mode": "managed",
      "type": "google_compute_shared_vpc_service_project",
      "name": "shared_vpc_attachment",
      "provider": "provider[\"registry.terraform.io/hashicorp/google-beta\"]",
      "instances": []
    },
    {
      "module": "module.prod-ingestion-project.module.project.module.project-factory",
      "mode": "managed",
      "type": "google_project",
      "name": "main",
      "provider": "provider[\"registry.terraform.io/hashicorp/google\"]",
      "instances": []
    },
    {
      "module": "module.prod-ingestion-project.module.project.module.project-factory",
      "mode": "managed",
      "type": "google_project_default_service_accounts",
      "name": "default_service_accounts",
      "provider": "provider[\"registry.terraform.io/hashicorp/google\"]",
      "instances": []
    },
    {
      "module": "module.prod-ingestion-project.module.project.module.project-factory",
      "mode": "managed",
      "type": "random_id",
      "name": "random_project_id_suffix",
      "provider": "provider[\"registry.terraform.io/hashicorp/random\"]",
      "instances": [
        {
          "schema_version": 0,
          "attributes": {
            "b64": "ajw",
            "b64_std": "ajw=",
            "b64_url": "ajw",
            "byte_length": 2,
            "dec": "27196",
            "hex": "6a3c",
            "id": "ajw",
            "keepers": null,
            "prefix": null
          },
          "sensitive_attributes": [],
          "private": "bnVsbA=="
        }
      ]
    },
    {
      "module": "module.prod-ingestion-project.module.project.module.project-factory.module.project_services",
      "mode": "managed",
      "type": "google_project_service",
      "name": "project_services",
      "provider": "provider[\"registry.terraform.io/hashicorp/google\"]",
      "instances": []
    },
    {
      "module": "module.prod-ingestion-project.module.project.module.project-factory.module.project_services",
      "mode": "managed",
      "type": "google_project_service_identity",
      "name": "project_service_identities",
      "provider": "provider[\"registry.terraform.io/hashicorp/google-beta\"]",
      "instances": []
    },
    {
      "module": "module.prod-logging-project.module.project.module.project-factory",
      "mode": "managed",
      "type": "google_compute_shared_vpc_host_project",
      "name": "shared_vpc_host",
      "provider": "provider[\"registry.terraform.io/hashicorp/google-beta\"]",
      "instances": []
    },
    {
      "module": "module.prod-logging-project.module.project.module.project-factory",
      "mode": "managed",
      "type": "google_compute_shared_vpc_service_project",
      "name": "shared_vpc_attachment",
      "provider": "provider[\"registry.terraform.io/hashicorp/google-beta\"]",
      "instances": []
    },
    {
      "module": "module.prod-logging-project.module.project.module.project-factory",
      "mode": "managed",
      "type": "google_project",
      "name": "main",
      "provider": "provider[\"registry.terraform.io/hashicorp/google\"]",
      "instances": []
    },
    {
      "module": "module.prod-logging-project.module.project.module.project-factory",
      "mode": "managed",
      "type": "google_project_default_service_accounts",
      "name": "default_service_accounts",
      "provider": "provider[\"registry.terraform.io/hashicorp/google\"]",
      "instances": []
    },
    {
      "module": "module.prod-logging-project.module.project.module.project-factory",
      "mode": "managed",
      "type": "random_id",
      "name": "random_project_id_suffix",
      "provider": "provider[\"registry.terraform.io/hashicorp/random\"]",
      "instances": [
        {
          "schema_version": 0,
          "attributes": {
            "b64": "9WE",
            "b64_std": "9WE=",
            "b64_url": "9WE",
            "byte_length": 2,
            "dec": "62817",
            "hex": "f561",
            "id": "9WE",
            "keepers": null,
            "prefix": null
          },
          "sensitive_attributes": [],
          "private": "bnVsbA=="
        }
      ]
    },
    {
      "module": "module.prod-logging-project.module.project.module.project-factory.module.project_services",
      "mode": "managed",
      "type": "google_project_service",
      "name": "project_services",
      "provider": "provider[\"registry.terraform.io/hashicorp/google\"]",
      "instances": []
    },
    {
      "module": "module.prod-logging-project.module.project.module.project-factory.module.project_services",
      "mode": "managed",
      "type": "google_project_service_identity",
      "name": "project_service_identities",
      "provider": "provider[\"registry.terraform.io/hashicorp/google-beta\"]",
      "instances": []
    },
    {
      "module": "module.prod-posfrdmdl-project.module.project.module.project-factory",
      "mode": "managed",
      "type": "google_compute_shared_vpc_host_project",
      "name": "shared_vpc_host",
      "provider": "provider[\"registry.terraform.io/hashicorp/google-beta\"]",
      "instances": []
    },
    {
      "module": "module.prod-posfrdmdl-project.module.project.module.project-factory",
      "mode": "managed",
      "type": "google_compute_shared_vpc_service_project",
      "name": "shared_vpc_attachment",
      "provider": "provider[\"registry.terraform.io/hashicorp/google-beta\"]",
      "instances": []
    },
    {
      "module": "module.prod-posfrdmdl-project.module.project.module.project-factory",
      "mode": "managed",
      "type": "google_project",
      "name": "main",
      "provider": "provider[\"registry.terraform.io/hashicorp/google\"]",
      "instances": []
    },
    {
      "module": "module.prod-posfrdmdl-project.module.project.module.project-factory",
      "mode": "managed",
      "type": "google_project_default_service_accounts",
      "name": "default_service_accounts",
      "provider": "provider[\"registry.terraform.io/hashicorp/google\"]",
      "instances": []
    },
    {
      "module": "module.prod-posfrdmdl-project.module.project.module.project-factory",
      "mode": "managed",
      "type": "random_id",
      "name": "random_project_id_suffix",
      "provider": "provider[\"registry.terraform.io/hashicorp/random\"]",
      "instances": [
        {
          "schema_version": 0,
          "attributes": {
            "b64": "9NQ",
            "b64_std": "9NQ=",
            "b64_url": "9NQ",
            "byte_length": 2,
            "dec": "62676",
            "hex": "f4d4",
            "id": "9NQ",
            "keepers": null,
            "prefix": null
          },
          "sensitive_attributes": [],
          "private": "bnVsbA=="
        }
      ]
    },
    {
      "module": "module.prod-posfrdmdl-project.module.project.module.project-factory.module.project_services",
      "mode": "managed",
      "type": "google_project_service",
      "name": "project_services",
      "provider": "provider[\"registry.terraform.io/hashicorp/google\"]",
      "instances": []
    },
    {
      "module": "module.prod-posfrdmdl-project.module.project.module.project-factory.module.project_services",
      "mode": "managed",
      "type": "google_project_service_identity",
      "name": "project_service_identities",
      "provider": "provider[\"registry.terraform.io/hashicorp/google-beta\"]",
      "instances": []
    },
    {
      "module": "module.prod-shared-vpc-project.module.project.module.project-factory",
      "mode": "managed",
      "type": "google_compute_shared_vpc_host_project",
      "name": "shared_vpc_host",
      "provider": "provider[\"registry.terraform.io/hashicorp/google-beta\"]",
      "instances": []
    },
    {
      "module": "module.prod-shared-vpc-project.module.project.module.project-factory",
      "mode": "managed",
      "type": "google_compute_shared_vpc_service_project",
      "name": "shared_vpc_attachment",
      "provider": "provider[\"registry.terraform.io/hashicorp/google-beta\"]",
      "instances": []
    },
    {
      "module": "module.prod-shared-vpc-project.module.project.module.project-factory",
      "mode": "managed",
      "type": "google_project",
      "name": "main",
      "provider": "provider[\"registry.terraform.io/hashicorp/google\"]",
      "instances": []
    },
    {
      "module": "module.prod-shared-vpc-project.module.project.module.project-factory",
      "mode": "managed",
      "type": "google_project_default_service_accounts",
      "name": "default_service_accounts",
      "provider": "provider[\"registry.terraform.io/hashicorp/google\"]",
      "instances": []
    },
    {
      "module": "module.prod-shared-vpc-project.module.project.module.project-factory",
      "mode": "managed",
      "type": "random_id",
      "name": "random_project_id_suffix",
      "provider": "provider[\"registry.terraform.io/hashicorp/random\"]",
      "instances": [
        {
          "schema_version": 0,
          "attributes": {
            "b64": "nYQ",
            "b64_std": "nYQ=",
            "b64_url": "nYQ",
            "byte_length": 2,
            "dec": "40324",
            "hex": "9d84",
            "id": "nYQ",
            "keepers": null,
            "prefix": null
          },
          "sensitive_attributes": [],
          "private": "bnVsbA=="
        }
      ]
    },
    {
      "module": "module.prod-shared-vpc-project.module.project.module.project-factory.module.project_services",
      "mode": "managed",
      "type": "google_project_service",
      "name": "project_services",
      "provider": "provider[\"registry.terraform.io/hashicorp/google\"]",
      "instances": []
    },
    {
      "module": "module.prod-shared-vpc-project.module.project.module.project-factory.module.project_services",
      "mode": "managed",
      "type": "google_project_service_identity",
      "name": "project_service_identities",
      "provider": "provider[\"registry.terraform.io/hashicorp/google-beta\"]",
      "instances": []
    },
    {
      "module": "module.root-rootorgvaldn-project.module.project.module.project-factory",
      "mode": "managed",
      "type": "google_compute_shared_vpc_host_project",
      "name": "shared_vpc_host",
      "provider": "provider[\"registry.terraform.io/hashicorp/google-beta\"]",
      "instances": []
    },
    {
      "module": "module.root-rootorgvaldn-project.module.project.module.project-factory",
      "mode": "managed",
      "type": "google_compute_shared_vpc_service_project",
      "name": "shared_vpc_attachment",
      "provider": "provider[\"registry.terraform.io/hashicorp/google-beta\"]",
      "instances": []
    },
    {
      "module": "module.root-rootorgvaldn-project.module.project.module.project-factory",
      "mode": "managed",
      "type": "google_project_default_service_accounts",
      "name": "default_service_accounts",
      "provider": "provider[\"registry.terraform.io/hashicorp/google\"]",
      "instances": []
    },
    {
      "module": "module.root-rootorgvaldn-project.module.project.module.project-factory",
      "mode": "managed",
      "type": "random_id",
      "name": "random_project_id_suffix",
      "provider": "provider[\"registry.terraform.io/hashicorp/random\"]",
      "instances": [
        {
          "schema_version": 0,
          "attributes": {
            "b64": "xvg",
            "b64_std": "xvg=",
            "b64_url": "xvg",
            "byte_length": 2,
            "dec": "50936",
            "hex": "c6f8",
            "id": "xvg",
            "keepers": null,
            "prefix": null
          },
          "sensitive_attributes": [],
          "private": "bnVsbA=="
        }
      ]
    },
    {
      "module": "module.root-rootorgvaldn-project.module.project.module.project-factory.module.project_services",
      "mode": "managed",
      "type": "google_project_service",
      "name": "project_services",
      "provider": "provider[\"registry.terraform.io/hashicorp/google\"]",
      "instances": []
    },
    {
      "module": "module.root-rootorgvaldn-project.module.project.module.project-factory.module.project_services",
      "mode": "managed",
      "type": "google_project_service_identity",
      "name": "project_service_identities",
      "provider": "provider[\"registry.terraform.io/hashicorp/google-beta\"]",
      "instances": []
    },
    {
      "module": "module.second_level_folder_dev.module.folder",
      "mode": "managed",
      "type": "google_folder",
      "name": "folders",
      "provider": "provider[\"registry.terraform.io/hashicorp/google\"]",
      "instances": []
    },
    {
      "module": "module.second_level_folder_eng.module.folder",
      "mode": "managed",
      "type": "google_folder",
      "name": "folders",
      "provider": "provider[\"registry.terraform.io/hashicorp/google\"]",
      "instances": []
    },
    {
      "module": "module.second_level_folder_prod.module.folder",
      "mode": "managed",
      "type": "google_folder",
      "name": "folders",
      "provider": "provider[\"registry.terraform.io/hashicorp/google\"]",
      "instances": []
    },
    {
      "module": "module.second_level_folder_test.module.folder",
      "mode": "managed",
      "type": "google_folder",
      "name": "folders",
      "provider": "provider[\"registry.terraform.io/hashicorp/google\"]",
      "instances": []
    },
    {
      "module": "module.shared-interconnect-project.module.project.module.project-factory",
      "mode": "managed",
      "type": "google_compute_shared_vpc_host_project",
      "name": "shared_vpc_host",
      "provider": "provider[\"registry.terraform.io/hashicorp/google-beta\"]",
      "instances": []
    },
    {
      "module": "module.shared-interconnect-project.module.project.module.project-factory",
      "mode": "managed",
      "type": "google_compute_shared_vpc_service_project",
      "name": "shared_vpc_attachment",
      "provider": "provider[\"registry.terraform.io/hashicorp/google-beta\"]",
      "instances": []
    },
    {
      "module": "module.shared-interconnect-project.module.project.module.project-factory",
      "mode": "managed",
      "type": "google_project",
      "name": "main",
      "provider": "provider[\"registry.terraform.io/hashicorp/google\"]",
      "instances": []
    },
    {
      "module": "module.shared-interconnect-project.module.project.module.project-factory",
      "mode": "managed",
      "type": "google_project_default_service_accounts",
      "name": "default_service_accounts",
      "provider": "provider[\"registry.terraform.io/hashicorp/google\"]",
      "instances": []
    },
    {
      "module": "module.shared-interconnect-project.module.project.module.project-factory",
      "mode": "managed",
      "type": "random_id",
      "name": "random_project_id_suffix",
      "provider": "provider[\"registry.terraform.io/hashicorp/random\"]",
      "instances": [
        {
          "schema_version": 0,
          "attributes": {
            "b64": "67U",
            "b64_std": "67U=",
            "b64_url": "67U",
            "byte_length": 2,
            "dec": "60341",
            "hex": "ebb5",
            "id": "67U",
            "keepers": null,
            "prefix": null
          },
          "sensitive_attributes": [],
          "private": "bnVsbA=="
        }
      ]
    },
    {
      "module": "module.shared-interconnect-project.module.project.module.project-factory.module.project_services",
      "mode": "managed",
      "type": "google_project_service",
      "name": "project_services",
      "provider": "provider[\"registry.terraform.io/hashicorp/google\"]",
      "instances": []
    },
    {
      "module": "module.shared-interconnect-project.module.project.module.project-factory.module.project_services",
      "mode": "managed",
      "type": "google_project_service_identity",
      "name": "project_service_identities",
      "provider": "provider[\"registry.terraform.io/hashicorp/google-beta\"]",
      "instances": []
    },
    {
      "module": "module.shared-network-project.module.project.module.project-factory",
      "mode": "managed",
      "type": "google_compute_shared_vpc_host_project",
      "name": "shared_vpc_host",
      "provider": "provider[\"registry.terraform.io/hashicorp/google-beta\"]",
      "instances": []
    },
    {
      "module": "module.shared-network-project.module.project.module.project-factory",
      "mode": "managed",
      "type": "google_compute_shared_vpc_service_project",
      "name": "shared_vpc_attachment",
      "provider": "provider[\"registry.terraform.io/hashicorp/google-beta\"]",
      "instances": []
    },
    {
      "module": "module.shared-network-project.module.project.module.project-factory",
      "mode": "managed",
      "type": "google_project",
      "name": "main",
      "provider": "provider[\"registry.terraform.io/hashicorp/google\"]",
      "instances": []
    },
    {
      "module": "module.shared-network-project.module.project.module.project-factory",
      "mode": "managed",
      "type": "google_project_default_service_accounts",
      "name": "default_service_accounts",
      "provider": "provider[\"registry.terraform.io/hashicorp/google\"]",
      "instances": []
    },
    {
      "module": "module.shared-network-project.module.project.module.project-factory",
      "mode": "managed",
      "type": "random_id",
      "name": "random_project_id_suffix",
      "provider": "provider[\"registry.terraform.io/hashicorp/random\"]",
      "instances": [
        {
          "schema_version": 0,
          "attributes": {
            "b64": "ux4",
            "b64_std": "ux4=",
            "b64_url": "ux4",
            "byte_length": 2,
            "dec": "47902",
            "hex": "bb1e",
            "id": "ux4",
            "keepers": null,
            "prefix": null
          },
          "sensitive_attributes": [],
          "private": "bnVsbA=="
        }
      ]
    },
    {
      "module": "module.shared-network-project.module.project.module.project-factory.module.project_services",
      "mode": "managed",
      "type": "google_project_service",
      "name": "project_services",
      "provider": "provider[\"registry.terraform.io/hashicorp/google\"]",
      "instances": []
    },
    {
      "module": "module.shared-network-project.module.project.module.project-factory.module.project_services",
      "mode": "managed",
      "type": "google_project_service_identity",
      "name": "project_service_identities",
      "provider": "provider[\"registry.terraform.io/hashicorp/google-beta\"]",
      "instances": []
    },
    {
      "module": "module.test-dataquality-project.module.project.module.project-factory",
      "mode": "managed",
      "type": "google_compute_shared_vpc_host_project",
      "name": "shared_vpc_host",
      "provider": "provider[\"registry.terraform.io/hashicorp/google-beta\"]",
      "instances": []
    },
    {
      "module": "module.test-dataquality-project.module.project.module.project-factory",
      "mode": "managed",
      "type": "google_compute_shared_vpc_service_project",
      "name": "shared_vpc_attachment",
      "provider": "provider[\"registry.terraform.io/hashicorp/google-beta\"]",
      "instances": []
    },
    {
      "module": "module.test-dataquality-project.module.project.module.project-factory",
      "mode": "managed",
      "type": "google_project",
      "name": "main",
      "provider": "provider[\"registry.terraform.io/hashicorp/google\"]",
      "instances": []
    },
    {
      "module": "module.test-dataquality-project.module.project.module.project-factory",
      "mode": "managed",
      "type": "google_project_default_service_accounts",
      "name": "default_service_accounts",
      "provider": "provider[\"registry.terraform.io/hashicorp/google\"]",
      "instances": []
    },
    {
      "module": "module.test-dataquality-project.module.project.module.project-factory",
      "mode": "managed",
      "type": "random_id",
      "name": "random_project_id_suffix",
      "provider": "provider[\"registry.terraform.io/hashicorp/random\"]",
      "instances": [
        {
          "schema_version": 0,
          "attributes": {
            "b64": "fZs",
            "b64_std": "fZs=",
            "b64_url": "fZs",
            "byte_length": 2,
            "dec": "32155",
            "hex": "7d9b",
            "id": "fZs",
            "keepers": null,
            "prefix": null
          },
          "sensitive_attributes": [],
          "private": "bnVsbA=="
        }
      ]
    },
    {
      "module": "module.test-dataquality-project.module.project.module.project-factory.module.project_services",
      "mode": "managed",
      "type": "google_project_service",
      "name": "project_services",
      "provider": "provider[\"registry.terraform.io/hashicorp/google\"]",
      "instances": []
    },
    {
      "module": "module.test-dataquality-project.module.project.module.project-factory.module.project_services",
      "mode": "managed",
      "type": "google_project_service_identity",
      "name": "project_service_identities",
      "provider": "provider[\"registry.terraform.io/hashicorp/google-beta\"]",
      "instances": []
    },
    {
      "module": "module.test-datawarehouse-project.module.project.module.project-factory",
      "mode": "managed",
      "type": "google_compute_shared_vpc_host_project",
      "name": "shared_vpc_host",
      "provider": "provider[\"registry.terraform.io/hashicorp/google-beta\"]",
      "instances": []
    },
    {
      "module": "module.test-datawarehouse-project.module.project.module.project-factory",
      "mode": "managed",
      "type": "google_compute_shared_vpc_service_project",
      "name": "shared_vpc_attachment",
      "provider": "provider[\"registry.terraform.io/hashicorp/google-beta\"]",
      "instances": []
    },
    {
      "module": "module.test-datawarehouse-project.module.project.module.project-factory",
      "mode": "managed",
      "type": "google_project",
      "name": "main",
      "provider": "provider[\"registry.terraform.io/hashicorp/google\"]",
      "instances": []
    },
    {
      "module": "module.test-datawarehouse-project.module.project.module.project-factory",
      "mode": "managed",
      "type": "google_project_default_service_accounts",
      "name": "default_service_accounts",
      "provider": "provider[\"registry.terraform.io/hashicorp/google\"]",
      "instances": []
    },
    {
      "module": "module.test-datawarehouse-project.module.project.module.project-factory",
      "mode": "managed",
      "type": "random_id",
      "name": "random_project_id_suffix",
      "provider": "provider[\"registry.terraform.io/hashicorp/random\"]",
      "instances": [
        {
          "schema_version": 0,
          "attributes": {
            "b64": "KPs",
            "b64_std": "KPs=",
            "b64_url": "KPs",
            "byte_length": 2,
            "dec": "10491",
            "hex": "28fb",
            "id": "KPs",
            "keepers": null,
            "prefix": null
          },
          "sensitive_attributes": [],
          "private": "bnVsbA=="
        }
      ]
    },
    {
      "module": "module.test-datawarehouse-project.module.project.module.project-factory.module.project_services",
      "mode": "managed",
      "type": "google_project_service",
      "name": "project_services",
      "provider": "provider[\"registry.terraform.io/hashicorp/google\"]",
      "instances": []
    },
    {
      "module": "module.test-datawarehouse-project.module.project.module.project-factory.module.project_services",
      "mode": "managed",
      "type": "google_project_service_identity",
      "name": "project_service_identities",
      "provider": "provider[\"registry.terraform.io/hashicorp/google-beta\"]",
      "instances": []
    },
    {
      "module": "module.test-ingestion-project.module.project.module.project-factory",
      "mode": "managed",
      "type": "google_compute_shared_vpc_host_project",
      "name": "shared_vpc_host",
      "provider": "provider[\"registry.terraform.io/hashicorp/google-beta\"]",
      "instances": []
    },
    {
      "module": "module.test-ingestion-project.module.project.module.project-factory",
      "mode": "managed",
      "type": "google_compute_shared_vpc_service_project",
      "name": "shared_vpc_attachment",
      "provider": "provider[\"registry.terraform.io/hashicorp/google-beta\"]",
      "instances": []
    },
    {
      "module": "module.test-ingestion-project.module.project.module.project-factory",
      "mode": "managed",
      "type": "google_project",
      "name": "main",
      "provider": "provider[\"registry.terraform.io/hashicorp/google\"]",
      "instances": []
    },
    {
      "module": "module.test-ingestion-project.module.project.module.project-factory",
      "mode": "managed",
      "type": "google_project_default_service_accounts",
      "name": "default_service_accounts",
      "provider": "provider[\"registry.terraform.io/hashicorp/google\"]",
      "instances": []
    },
    {
      "module": "module.test-ingestion-project.module.project.module.project-factory",
      "mode": "managed",
      "type": "random_id",
      "name": "random_project_id_suffix",
      "provider": "provider[\"registry.terraform.io/hashicorp/random\"]",
      "instances": [
        {
          "schema_version": 0,
          "attributes": {
            "b64": "ntc",
            "b64_std": "ntc=",
            "b64_url": "ntc",
            "byte_length": 2,
            "dec": "40663",
            "hex": "9ed7",
            "id": "ntc",
            "keepers": null,
            "prefix": null
          },
          "sensitive_attributes": [],
          "private": "bnVsbA=="
        }
      ]
    },
    {
      "module": "module.test-ingestion-project.module.project.module.project-factory.module.project_services",
      "mode": "managed",
      "type": "google_project_service",
      "name": "project_services",
      "provider": "provider[\"registry.terraform.io/hashicorp/google\"]",
      "instances": []
    },
    {
      "module": "module.test-ingestion-project.module.project.module.project-factory.module.project_services",
      "mode": "managed",
      "type": "google_project_service_identity",
      "name": "project_service_identities",
      "provider": "provider[\"registry.terraform.io/hashicorp/google-beta\"]",
      "instances": []
    },
    {
      "module": "module.test-logging-project.module.project.module.project-factory",
      "mode": "managed",
      "type": "google_compute_shared_vpc_host_project",
      "name": "shared_vpc_host",
      "provider": "provider[\"registry.terraform.io/hashicorp/google-beta\"]",
      "instances": []
    },
    {
      "module": "module.test-logging-project.module.project.module.project-factory",
      "mode": "managed",
      "type": "google_compute_shared_vpc_service_project",
      "name": "shared_vpc_attachment",
      "provider": "provider[\"registry.terraform.io/hashicorp/google-beta\"]",
      "instances": []
    },
    {
      "module": "module.test-logging-project.module.project.module.project-factory",
      "mode": "managed",
      "type": "google_project",
      "name": "main",
      "provider": "provider[\"registry.terraform.io/hashicorp/google\"]",
      "instances": []
    },
    {
      "module": "module.test-logging-project.module.project.module.project-factory",
      "mode": "managed",
      "type": "google_project_default_service_accounts",
      "name": "default_service_accounts",
      "provider": "provider[\"registry.terraform.io/hashicorp/google\"]",
      "instances": []
    },
    {
      "module": "module.test-logging-project.module.project.module.project-factory",
      "mode": "managed",
      "type": "random_id",
      "name": "random_project_id_suffix",
      "provider": "provider[\"registry.terraform.io/hashicorp/random\"]",
      "instances": [
        {
          "schema_version": 0,
          "attributes": {
            "b64": "bkE",
            "b64_std": "bkE=",
            "b64_url": "bkE",
            "byte_length": 2,
            "dec": "28225",
            "hex": "6e41",
            "id": "bkE",
            "keepers": null,
            "prefix": null
          },
          "sensitive_attributes": [],
          "private": "bnVsbA=="
        }
      ]
    },
    {
      "module": "module.test-logging-project.module.project.module.project-factory.module.project_services",
      "mode": "managed",
      "type": "google_project_service",
      "name": "project_services",
      "provider": "provider[\"registry.terraform.io/hashicorp/google\"]",
      "instances": []
    },
    {
      "module": "module.test-logging-project.module.project.module.project-factory.module.project_services",
      "mode": "managed",
      "type": "google_project_service_identity",
      "name": "project_service_identities",
      "provider": "provider[\"registry.terraform.io/hashicorp/google-beta\"]",
      "instances": []
    },
    {
      "module": "module.test-posfrdmdl-project.module.project.module.project-factory",
      "mode": "managed",
      "type": "google_compute_shared_vpc_host_project",
      "name": "shared_vpc_host",
      "provider": "provider[\"registry.terraform.io/hashicorp/google-beta\"]",
      "instances": []
    },
    {
      "module": "module.test-posfrdmdl-project.module.project.module.project-factory",
      "mode": "managed",
      "type": "google_compute_shared_vpc_service_project",
      "name": "shared_vpc_attachment",
      "provider": "provider[\"registry.terraform.io/hashicorp/google-beta\"]",
      "instances": []
    },
    {
      "module": "module.test-posfrdmdl-project.module.project.module.project-factory",
      "mode": "managed",
      "type": "google_project",
      "name": "main",
      "provider": "provider[\"registry.terraform.io/hashicorp/google\"]",
      "instances": []
    },
    {
      "module": "module.test-posfrdmdl-project.module.project.module.project-factory",
      "mode": "managed",
      "type": "google_project_default_service_accounts",
      "name": "default_service_accounts",
      "provider": "provider[\"registry.terraform.io/hashicorp/google\"]",
      "instances": []
    },
    {
      "module": "module.test-posfrdmdl-project.module.project.module.project-factory",
      "mode": "managed",
      "type": "random_id",
      "name": "random_project_id_suffix",
      "provider": "provider[\"registry.terraform.io/hashicorp/random\"]",
      "instances": [
        {
          "schema_version": 0,
          "attributes": {
            "b64": "1WI",
            "b64_std": "1WI=",
            "b64_url": "1WI",
            "byte_length": 2,
            "dec": "54626",
            "hex": "d562",
            "id": "1WI",
            "keepers": null,
            "prefix": null
          },
          "sensitive_attributes": [],
          "private": "bnVsbA=="
        }
      ]
    },
    {
      "module": "module.test-posfrdmdl-project.module.project.module.project-factory.module.project_services",
      "mode": "managed",
      "type": "google_project_service",
      "name": "project_services",
      "provider": "provider[\"registry.terraform.io/hashicorp/google\"]",
      "instances": []
    },
    {
      "module": "module.test-posfrdmdl-project.module.project.module.project-factory.module.project_services",
      "mode": "managed",
      "type": "google_project_service_identity",
      "name": "project_service_identities",
      "provider": "provider[\"registry.terraform.io/hashicorp/google-beta\"]",
      "instances": []
    },
    {
      "module": "module.test-shared-vpc-project-d.module.project.module.project-factory",
      "mode": "managed",
      "type": "google_compute_shared_vpc_host_project",
      "name": "shared_vpc_host",
      "provider": "provider[\"registry.terraform.io/hashicorp/google-beta\"]",
      "instances": []
    },
    {
      "module": "module.test-shared-vpc-project-d.module.project.module.project-factory",
      "mode": "managed",
      "type": "google_compute_shared_vpc_service_project",
      "name": "shared_vpc_attachment",
      "provider": "provider[\"registry.terraform.io/hashicorp/google-beta\"]",
      "instances": []
    },
    {
      "module": "module.test-shared-vpc-project-d.module.project.module.project-factory",
      "mode": "managed",
      "type": "google_project",
      "name": "main",
      "provider": "provider[\"registry.terraform.io/hashicorp/google\"]",
      "instances": []
    },
    {
      "module": "module.test-shared-vpc-project-d.module.project.module.project-factory",
      "mode": "managed",
      "type": "google_project_default_service_accounts",
      "name": "default_service_accounts",
      "provider": "provider[\"registry.terraform.io/hashicorp/google\"]",
      "instances": []
    },
    {
      "module": "module.test-shared-vpc-project-d.module.project.module.project-factory",
      "mode": "managed",
      "type": "random_id",
      "name": "random_project_id_suffix",
      "provider": "provider[\"registry.terraform.io/hashicorp/random\"]",
      "instances": [
        {
          "schema_version": 0,
          "attributes": {
            "b64": "etM",
            "b64_std": "etM=",
            "b64_url": "etM",
            "byte_length": 2,
            "dec": "31443",
            "hex": "7ad3",
            "id": "etM",
            "keepers": null,
            "prefix": null
          },
          "sensitive_attributes": [],
          "private": "bnVsbA=="
        }
      ]
    },
    {
      "module": "module.test-shared-vpc-project-d.module.project.module.project-factory.module.project_services",
      "mode": "managed",
      "type": "google_project_service",
      "name": "project_services",
      "provider": "provider[\"registry.terraform.io/hashicorp/google\"]",
      "instances": []
    },
    {
      "module": "module.test-shared-vpc-project-d.module.project.module.project-factory.module.project_services",
      "mode": "managed",
      "type": "google_project_service_identity",
      "name": "project_service_identities",
      "provider": "provider[\"registry.terraform.io/hashicorp/google-beta\"]",
      "instances": []
    },
    {
      "module": "module.test-shared-vpc-project-l.module.project.module.project-factory",
      "mode": "managed",
      "type": "google_compute_shared_vpc_host_project",
      "name": "shared_vpc_host",
      "provider": "provider[\"registry.terraform.io/hashicorp/google-beta\"]",
      "instances": []
    },
    {
      "module": "module.test-shared-vpc-project-l.module.project.module.project-factory",
      "mode": "managed",
      "type": "google_compute_shared_vpc_service_project",
      "name": "shared_vpc_attachment",
      "provider": "provider[\"registry.terraform.io/hashicorp/google-beta\"]",
      "instances": []
    },
    {
      "module": "module.test-shared-vpc-project-l.module.project.module.project-factory",
      "mode": "managed",
      "type": "google_project",
      "name": "main",
      "provider": "provider[\"registry.terraform.io/hashicorp/google\"]",
      "instances": []
    },
    {
      "module": "module.test-shared-vpc-project-l.module.project.module.project-factory",
      "mode": "managed",
      "type": "google_project_default_service_accounts",
      "name": "default_service_accounts",
      "provider": "provider[\"registry.terraform.io/hashicorp/google\"]",
      "instances": []
    },
    {
      "module": "module.test-shared-vpc-project-l.module.project.module.project-factory",
      "mode": "managed",
      "type": "random_id",
      "name": "random_project_id_suffix",
      "provider": "provider[\"registry.terraform.io/hashicorp/random\"]",
      "instances": [
        {
          "schema_version": 0,
          "attributes": {
            "b64": "eD0",
            "b64_std": "eD0=",
            "b64_url": "eD0",
            "byte_length": 2,
            "dec": "30781",
            "hex": "783d",
            "id": "eD0",
            "keepers": null,
            "prefix": null
          },
          "sensitive_attributes": [],
          "private": "bnVsbA=="
        }
      ]
    },
    {
      "module": "module.test-shared-vpc-project-l.module.project.module.project-factory.module.project_services",
      "mode": "managed",
      "type": "google_project_service",
      "name": "project_services",
      "provider": "provider[\"registry.terraform.io/hashicorp/google\"]",
      "instances": []
    },
    {
      "module": "module.test-shared-vpc-project-l.module.project.module.project-factory.module.project_services",
      "mode": "managed",
      "type": "google_project_service_identity",
      "name": "project_service_identities",
      "provider": "provider[\"registry.terraform.io/hashicorp/google-beta\"]",
      "instances": []
    },
    {
      "module": "module.test-shared-vpc-project-t.module.project.module.project-factory",
      "mode": "managed",
      "type": "google_compute_shared_vpc_host_project",
      "name": "shared_vpc_host",
      "provider": "provider[\"registry.terraform.io/hashicorp/google-beta\"]",
      "instances": []
    },
    {
      "module": "module.test-shared-vpc-project-t.module.project.module.project-factory",
      "mode": "managed",
      "type": "google_compute_shared_vpc_service_project",
      "name": "shared_vpc_attachment",
      "provider": "provider[\"registry.terraform.io/hashicorp/google-beta\"]",
      "instances": []
    },
    {
      "module": "module.test-shared-vpc-project-t.module.project.module.project-factory",
      "mode": "managed",
      "type": "google_project",
      "name": "main",
      "provider": "provider[\"registry.terraform.io/hashicorp/google\"]",
      "instances": []
    },
    {
      "module": "module.test-shared-vpc-project-t.module.project.module.project-factory",
      "mode": "managed",
      "type": "google_project_default_service_accounts",
      "name": "default_service_accounts",
      "provider": "provider[\"registry.terraform.io/hashicorp/google\"]",
      "instances": []
    },
    {
      "module": "module.test-shared-vpc-project-t.module.project.module.project-factory",
      "mode": "managed",
      "type": "random_id",
      "name": "random_project_id_suffix",
      "provider": "provider[\"registry.terraform.io/hashicorp/random\"]",
      "instances": [
        {
          "schema_version": 0,
          "attributes": {
            "b64": "82c",
            "b64_std": "82c=",
            "b64_url": "82c",
            "byte_length": 2,
            "dec": "62311",
            "hex": "f367",
            "id": "82c",
            "keepers": null,
            "prefix": null
          },
          "sensitive_attributes": [],
          "private": "bnVsbA=="
        }
      ]
    },
    {
      "module": "module.test-shared-vpc-project-t.module.project.module.project-factory.module.project_services",
      "mode": "managed",
      "type": "google_project_service",
      "name": "project_services",
      "provider": "provider[\"registry.terraform.io/hashicorp/google\"]",
      "instances": []
    },
    {
      "module": "module.test-shared-vpc-project-t.module.project.module.project-factory.module.project_services",
      "mode": "managed",
      "type": "google_project_service_identity",
      "name": "project_service_identities",
      "provider": "provider[\"registry.terraform.io/hashicorp/google-beta\"]",
      "instances": []
    },
    {
      "module": "module.third_level_folder_dev.module.folder",
      "mode": "managed",
      "type": "google_folder",
      "name": "folders",
      "provider": "provider[\"registry.terraform.io/hashicorp/google\"]",
      "instances": []
    },
    {
      "module": "module.third_level_folder_prod.module.folder",
      "mode": "managed",
      "type": "google_folder",
      "name": "folders",
      "provider": "provider[\"registry.terraform.io/hashicorp/google\"]",
      "instances": []
    },
    {
      "module": "module.third_level_folder_test.module.folder",
      "mode": "managed",
      "type": "google_folder",
      "name": "folders",
      "provider": "provider[\"registry.terraform.io/hashicorp/google\"]",
      "instances": []
    }
  ]
}
